schema: '2.0'
stages:
  test:
    cmd: pytest --junitxml=reports/tests.xml --cov=lib --cov-report=xml:reports/coverage.xml
    deps:
    - path: lib
      md5: e0a8915b324767820470c15801d3bc1a.dir
      size: 36034
      nfiles: 21
    - path: output/models/BagOfWords.joblib
      md5: 9d921cf3652d24fb396700983ca5a2c4
      size: 4118323
    - path: output/models/TFIDF.joblib
      md5: daf65ab7196b431678865f244878eda1
      size: 18352884
    - path: tests
      md5: d9a121ed2069900e4955196eff5b7d0c.dir
      size: 16462
      nfiles: 19
    outs:
    - path: reports/coverage.xml
      md5: 58fa7d8526ef722de5de8f31f0970f0e
      size: 5720
      isexec: true
    - path: reports/tests.xml
      md5: fd33a3f2256d445ec8aa5eb9c27977c8
      size: 1018
      isexec: true
  preprocess:
    cmd: python -m pipeline.preprocess
    deps:
    - path: data/raw/raw.tsv
      md5: a1d55666d530e7ad6150aafd18b2f909
      size: 9362397
    - path: lib/conf.py
      md5: ffb49be58fe9548e1e82017a64091bc6
      size: 418
    - path: lib/model.py
      md5: 1ce7a813c23ca3d3d65207a081c052df
      size: 6465
    - path: lib/preprocess.py
      md5: efdf46803eab92eabb75cf6a16955ee5
      size: 861
    - path: lib/utils.py
      md5: 2757e848d4c800038e2630283f9feee8
      size: 755
    - path: pipeline/preprocess.py
      md5: 8ee4bdaabd04cf828e5e207a20e9eb86
      size: 1191
    outs:
    - path: data/processed/preprocessed.csv
      md5: e6946e2b5b09cf26c6c460ab6df69e99
      size: 8118533
      isexec: true
  train:
    cmd: python -m pipeline.train
    deps:
    - path: data/processed/train.joblib
      md5: 553eb98537b18869bdd9f5378890b6d9
      size: 8011362
    - path: data/processed/validation.joblib
      md5: e5e41b0ba045e7a46849342732057ac7
      size: 3432637
    - path: lib
      md5: 22242318bdb90301e1c1d0377f043f45.dir
      size: 18375
      nfiles: 10
    - path: pipeline/train.py
      md5: af06d1154e92fb08fdb81f9957116ee8
      size: 913
    outs:
    - path: output/BagOfWords.json
      md5: 2e09af636188398834f4ec356dc18b7b
      size: 142
      isexec: true
    - path: output/TFIDF.json
      md5: a49ba9afc810eb81f0495640cadea456
      size: 141
      isexec: true
    - path: output/models/BagOfWords.joblib
      md5: 5baaaadee196eacf15850db629de88e9
      size: 4118323
      isexec: true
    - path: output/models/TFIDF.joblib
      md5: f175d0e75ce5ed5aba49ecd04ca05247
      size: 18352884
      isexec: true
  validate:
    cmd: python -m pipeline.validate
    deps:
    - path: data/processed/preprocessed.csv
      md5: e6946e2b5b09cf26c6c460ab6df69e99
      size: 8118533
    - path: lib/conf.py
      md5: ffb49be58fe9548e1e82017a64091bc6
      size: 418
    - path: lib/model.py
      md5: 1ce7a813c23ca3d3d65207a081c052df
      size: 6465
    - path: lib/preprocess.py
      md5: efdf46803eab92eabb75cf6a16955ee5
      size: 861
    - path: lib/utils.py
      md5: 2757e848d4c800038e2630283f9feee8
      size: 755
    - path: output/data/schema.txt
      md5: 221546fe759d153800839f0fba62f571
      size: 283
    - path: pipeline/validate.py
      md5: 842dadd9ea5c6bb89a43615283f672ed
      size: 1900
    outs:
    - path: data/processed/train.joblib
      md5: 553eb98537b18869bdd9f5378890b6d9
      size: 8011362
      isexec: true
    - path: data/processed/validation.joblib
      md5: e5e41b0ba045e7a46849342732057ac7
      size: 3432637
      isexec: true
  gen_schema:
    cmd: python -m pipeline.gen_schema
    deps:
    - path: data/processed/preprocessed.csv
      md5: e6946e2b5b09cf26c6c460ab6df69e99
      size: 8118533
    - path: lib/conf.py
      md5: ffb49be58fe9548e1e82017a64091bc6
      size: 418
    - path: lib/model.py
      md5: 1ce7a813c23ca3d3d65207a081c052df
      size: 6465
    - path: lib/preprocess.py
      md5: efdf46803eab92eabb75cf6a16955ee5
      size: 861
    - path: lib/utils.py
      md5: 2757e848d4c800038e2630283f9feee8
      size: 755
    - path: pipeline/gen_schema.py
      md5: 86b25080ad4e5d60995858236c1cb192
      size: 566
    outs:
    - path: output/data/schema.txt
      md5: 221546fe759d153800839f0fba62f571
      size: 283
      isexec: true
