schema: '2.0'
stages:
  test:
    cmd: pytest --junitxml=reports/tests.xml --cov=lib --cov-report=xml:reports/coverage.xml
    deps:
    - path: lib
      md5: 32d6a24d6173d4b5a5be31e6f4416de9.dir
      size: 35993
      nfiles: 21
    - path: output/models/BagOfWords.joblib
      md5: 2106f2cf39593cbb0eabad95d303fb3a
      size: 4118323
    - path: output/models/TFIDF.joblib
      md5: b930a9971c0159203d132d6d2d118b10
      size: 18352884
    - path: tests
      md5: 85f2c4c9c772fde5ed11d309261c266a.dir
      size: 16462
      nfiles: 19
    outs:
    - path: reports/coverage.xml
      md5: ef44744ce492c96fa68b836d4feb906e
      size: 5720
      isexec: true
    - path: reports/tests.xml
      md5: df9471b1bafdac27e63d399d83259986
      size: 1018
      isexec: true
  preprocess:
    cmd: python -m pipeline.preprocess
    deps:
    - path: data/raw/raw.tsv
      md5: a1d55666d530e7ad6150aafd18b2f909
      size: 9362397
    - path: lib
      md5: e0a8915b324767820470c15801d3bc1a.dir
      size: 36034
      nfiles: 21
    - path: pipeline/preprocess.py
      md5: 8ee4bdaabd04cf828e5e207a20e9eb86
      size: 1191
    outs:
    - path: data/processed/preprocessed.csv
      md5: e6946e2b5b09cf26c6c460ab6df69e99
      size: 8118533
      isexec: true
  train:
    cmd: python -m pipeline.train
    deps:
    - path: data/processed/train.joblib
      md5: 553eb98537b18869bdd9f5378890b6d9
      size: 8011362
    - path: data/processed/validation.joblib
      md5: e5e41b0ba045e7a46849342732057ac7
      size: 3432637
    - path: lib
      md5: 32d6a24d6173d4b5a5be31e6f4416de9.dir
      size: 35993
      nfiles: 21
    - path: pipeline/train.py
      md5: af06d1154e92fb08fdb81f9957116ee8
      size: 913
    outs:
    - path: output/BagOfWords.json
      md5: 2686b6998fe69a7fb731abd703576f83
      size: 143
      isexec: true
    - path: output/TFIDF.json
      md5: 106583eb9dd041dd6d138bbd8bf243ce
      size: 141
      isexec: true
    - path: output/models/BagOfWords.joblib
      md5: 2106f2cf39593cbb0eabad95d303fb3a
      size: 4118323
      isexec: true
    - path: output/models/TFIDF.joblib
      md5: b930a9971c0159203d132d6d2d118b10
      size: 18352884
      isexec: true
  validate:
    cmd: python -m pipeline.validate
    deps:
    - path: data/processed/preprocessed.csv
      md5: e6946e2b5b09cf26c6c460ab6df69e99
      size: 8118533
    - path: lib
      md5: e0a8915b324767820470c15801d3bc1a.dir
      size: 36034
      nfiles: 21
    - path: output/data/schema.txt
      md5: 221546fe759d153800839f0fba62f571
      size: 283
    - path: pipeline/validate.py
      md5: 842dadd9ea5c6bb89a43615283f672ed
      size: 1900
    outs:
    - path: data/processed/train.joblib
      md5: 553eb98537b18869bdd9f5378890b6d9
      size: 8011362
      isexec: true
    - path: data/processed/validation.joblib
      md5: e5e41b0ba045e7a46849342732057ac7
      size: 3432637
      isexec: true
  gen_schema:
    cmd: python -m pipeline.gen_schema
    deps:
    - path: data/processed/preprocessed.csv
      md5: e6946e2b5b09cf26c6c460ab6df69e99
      size: 8118533
    - path: lib
      md5: e0a8915b324767820470c15801d3bc1a.dir
      size: 36034
      nfiles: 21
    - path: pipeline/gen_schema.py
      md5: 86b25080ad4e5d60995858236c1cb192
      size: 566
    outs:
    - path: output/data/schema.txt
      md5: 221546fe759d153800839f0fba62f571
      size: 283
      isexec: true
